
Microsoft Visual Studio Solution File, Format Version 12.00
# Visual Studio Version 16
VisualStudioVersion = 16.0.32510.428
MinimumVisualStudioVersion = 10.0.40219.1
Project("{FAE04EC0-301F-11D3-BF4B-00C04F79EFBC}") = "AutoChromeProfile", "AutoChromeProfile\AutoChromeProfile.csproj", "{8E8F6C7E-898C-4BF4-8D11-AA693E06DB1E}"
EndProject
Project("{FAE04EC0-301F-11D3-BF4B-00C04F79EFBC}") = "CreateKey", "CreateKey\CreateKey.csproj", "{4EE814BE-26BD-4C46-9A54-E6DB0B04668F}"
EndProject
Global
	GlobalSection(SolutionConfigurationPlatforms) = preSolution
		Debug|Any CPU = Debug|Any CPU
		Release|Any CPU = Release|Any CPU
	EndGlobalSection
	GlobalSection(ProjectConfigurationPlatforms) = postSolution
		{8E8F6C7E-898C-4BF4-8D11-AA693E06DB1E}.Debug|Any CPU.ActiveCfg = Debug|Any CPU
		{8E8F6C7E-898C-4BF4-8D11-AA693E06DB1E}.Debug|Any CPU.Build.0 = Debug|Any CPU
		{8E8F6C7E-898C-4BF4-8D11-AA693E06DB1E}.Release|Any CPU.ActiveCfg = Release|Any CPU
		{8E8F6C7E-898C-4BF4-8D11-AA693E06DB1E}.Release|Any CPU.Build.0 = Release|Any CPU
		{4EE814BE-26BD-4C46-9A54-E6DB0B04668F}.Debug|Any CPU.ActiveCfg = Debug|Any CPU
		{4EE814BE-26BD-4C46-9A54-E6DB0B04668F}.Debug|Any CPU.Build.0 = Debug|Any CPU
		{4EE814BE-26BD-4C46-9A54-E6DB0B04668F}.Release|Any CPU.ActiveCfg = Release|Any CPU
		{4EE814BE-26BD-4C46-9A54-E6DB0B04668F}.Release|Any CPU.Build.0 = Release|Any CPU
	EndGlobalSection
	GlobalSection(SolutionProperties) = preSolution
		HideSolutionNode = FALSE
	EndGlobalSection
	GlobalSection(ExtensibilityGlobals) = postSolution
		SolutionGuid = {302B210B-81EE-4B9E-B804-193085B7A834}
	EndGlobalSection
EndGlobal
